
Microsoft Visual Studio Solution File, Format Version 12.00
# Visual Studio Version 17
VisualStudioVersion = 17.2.32630.192
MinimumVisualStudioVersion = 10.0.40219.1
Project("{9A19103F-16F7-4668-BE54-9A1E7A4F7556}") = "ddp.GitHubPages.Web", "ddp.GitHubPages.Web\ddp.GitHubPages.Web.csproj", "{EA97DC9D-C164-4517-A6A8-A29AA4BAA06A}"
EndProject
Global
	GlobalSection(SolutionConfigurationPlatforms) = preSolution
		Debug|Any CPU = Debug|Any CPU
		Release|Any CPU = Release|Any CPU
	EndGlobalSection
	GlobalSection(ProjectConfigurationPlatforms) = postSolution
		{EA97DC9D-C164-4517-A6A8-A29AA4BAA06A}.Debug|Any CPU.ActiveCfg = Debug|Any CPU
		{EA97DC9D-C164-4517-A6A8-A29AA4BAA06A}.Debug|Any CPU.Build.0 = Debug|Any CPU
		{EA97DC9D-C164-4517-A6A8-A29AA4BAA06A}.Release|Any CPU.ActiveCfg = Release|Any CPU
		{EA97DC9D-C164-4517-A6A8-A29AA4BAA06A}.Release|Any CPU.Build.0 = Release|Any CPU
	EndGlobalSection
	GlobalSection(SolutionProperties) = preSolution
		HideSolutionNode = FALSE
	EndGlobalSection
	GlobalSection(ExtensibilityGlobals) = postSolution
		SolutionGuid = {FDD5B2C4-0CE0-4373-ACCA-704D7A056889}
	EndGlobalSection
EndGlobal
